# This file is generated by drenv. Do not edit.
# Run `drenv bundle` to update it.

lockfile_version = 1
manifest_digest = "sha256-c4e37867f9c26477e70bf6b3fcea3485ae25c8e23cc9bc6947fd8474b7dd73cb"

[[dependencies]]
name = "dragon_input"
source = "path:../.."
require = ["vendor/dragon_input/dragon_input.rb"]
